
Microsoft Visual Studio Solution File, Format Version 12.00
# Visual Studio Version 17
VisualStudioVersion = 17.0.31903.59
MinimumVisualStudioVersion = 10.0.40219.1
Project("{FAE04EC0-301F-11D3-BF4B-00C04F79EFBC}") = "BugPro", "BugPro\BugPro.csproj", "{BE3ED0B4-0DCA-4BB7-87DA-33B800B790EF}"
EndProject
Project("{FAE04EC0-301F-11D3-BF4B-00C04F79EFBC}") = "BugTests", "BugTests\BugTests.csproj", "{EBF09E09-7D34-43C0-BEE6-14A513B6FC68}"
EndProject
Global
	GlobalSection(SolutionConfigurationPlatforms) = preSolution
		Debug|Any CPU = Debug|Any CPU
		Debug|x64 = Debug|x64
		Debug|x86 = Debug|x86
		Release|Any CPU = Release|Any CPU
		Release|x64 = Release|x64
		Release|x86 = Release|x86
	EndGlobalSection
	GlobalSection(ProjectConfigurationPlatforms) = postSolution
		{BE3ED0B4-0DCA-4BB7-87DA-33B800B790EF}.Debug|Any CPU.ActiveCfg = Debug|Any CPU
		{BE3ED0B4-0DCA-4BB7-87DA-33B800B790EF}.Debug|Any CPU.Build.0 = Debug|Any CPU
		{BE3ED0B4-0DCA-4BB7-87DA-33B800B790EF}.Debug|x64.ActiveCfg = Debug|Any CPU
		{BE3ED0B4-0DCA-4BB7-87DA-33B800B790EF}.Debug|x64.Build.0 = Debug|Any CPU
		{BE3ED0B4-0DCA-4BB7-87DA-33B800B790EF}.Debug|x86.ActiveCfg = Debug|Any CPU
		{BE3ED0B4-0DCA-4BB7-87DA-33B800B790EF}.Debug|x86.Build.0 = Debug|Any CPU
		{BE3ED0B4-0DCA-4BB7-87DA-33B800B790EF}.Release|Any CPU.ActiveCfg = Release|Any CPU
		{BE3ED0B4-0DCA-4BB7-87DA-33B800B790EF}.Release|Any CPU.Build.0 = Release|Any CPU
		{BE3ED0B4-0DCA-4BB7-87DA-33B800B790EF}.Release|x64.ActiveCfg = Release|Any CPU
		{BE3ED0B4-0DCA-4BB7-87DA-33B800B790EF}.Release|x64.Build.0 = Release|Any CPU
		{BE3ED0B4-0DCA-4BB7-87DA-33B800B790EF}.Release|x86.ActiveCfg = Release|Any CPU
		{BE3ED0B4-0DCA-4BB7-87DA-33B800B790EF}.Release|x86.Build.0 = Release|Any CPU
		{EBF09E09-7D34-43C0-BEE6-14A513B6FC68}.Debug|Any CPU.ActiveCfg = Debug|Any CPU
		{EBF09E09-7D34-43C0-BEE6-14A513B6FC68}.Debug|Any CPU.Build.0 = Debug|Any CPU
		{EBF09E09-7D34-43C0-BEE6-14A513B6FC68}.Debug|x64.ActiveCfg = Debug|Any CPU
		{EBF09E09-7D34-43C0-BEE6-14A513B6FC68}.Debug|x64.Build.0 = Debug|Any CPU
		{EBF09E09-7D34-43C0-BEE6-14A513B6FC68}.Debug|x86.ActiveCfg = Debug|Any CPU
		{EBF09E09-7D34-43C0-BEE6-14A513B6FC68}.Debug|x86.Build.0 = Debug|Any CPU
		{EBF09E09-7D34-43C0-BEE6-14A513B6FC68}.Release|Any CPU.ActiveCfg = Release|Any CPU
		{EBF09E09-7D34-43C0-BEE6-14A513B6FC68}.Release|Any CPU.Build.0 = Release|Any CPU
		{EBF09E09-7D34-43C0-BEE6-14A513B6FC68}.Release|x64.ActiveCfg = Release|Any CPU
		{EBF09E09-7D34-43C0-BEE6-14A513B6FC68}.Release|x64.Build.0 = Release|Any CPU
		{EBF09E09-7D34-43C0-BEE6-14A513B6FC68}.Release|x86.ActiveCfg = Release|Any CPU
		{EBF09E09-7D34-43C0-BEE6-14A513B6FC68}.Release|x86.Build.0 = Release|Any CPU
	EndGlobalSection
	GlobalSection(SolutionProperties) = preSolution
		HideSolutionNode = FALSE
	EndGlobalSection
EndGlobal
